
Microsoft Visual Studio Solution File, Format Version 12.00
# Visual Studio 2013
VisualStudioVersion = 12.0.30501.0
MinimumVisualStudioVersion = 10.0.40219.1
Project("{FAE04EC0-301F-11D3-BF4B-00C04F79EFBC}") = "NuGetFinder.iOS", "NuGetFinder.iOS\NuGetFinder.iOS.csproj", "{36745A52-0D1A-4EB6-A58A-F38BAF7F0462}"
EndProject
Project("{D954291E-2A0B-460D-934E-DC6B0785DB48}") = "NuGetFinder", "NuGetFinder\NuGetFinder.shproj", "{8B706B46-7518-4ED7-8220-94CC5E92F480}"
EndProject
Global
	GlobalSection(SharedMSBuildProjectFiles) = preSolution
		NuGetFinder\NuGetFinder.projitems*{36745a52-0d1a-4eb6-a58a-f38baf7f0462}*SharedItemsImports = 4
		NuGetFinder\NuGetFinder.projitems*{8b706b46-7518-4ed7-8220-94cc5e92f480}*SharedItemsImports = 13
	EndGlobalSection
	GlobalSection(SolutionConfigurationPlatforms) = preSolution
		Ad-Hoc|Any CPU = Ad-Hoc|Any CPU
		Ad-Hoc|ARM = Ad-Hoc|ARM
		Ad-Hoc|iPhone = Ad-Hoc|iPhone
		Ad-Hoc|iPhoneSimulator = Ad-Hoc|iPhoneSimulator
		Ad-Hoc|Mixed Platforms = Ad-Hoc|Mixed Platforms
		Ad-Hoc|x86 = Ad-Hoc|x86
		AppStore|Any CPU = AppStore|Any CPU
		AppStore|ARM = AppStore|ARM
		AppStore|iPhone = AppStore|iPhone
		AppStore|iPhoneSimulator = AppStore|iPhoneSimulator
		AppStore|Mixed Platforms = AppStore|Mixed Platforms
		AppStore|x86 = AppStore|x86
		Debug|Any CPU = Debug|Any CPU
		Debug|ARM = Debug|ARM
		Debug|iPhone = Debug|iPhone
		Debug|iPhoneSimulator = Debug|iPhoneSimulator
		Debug|Mixed Platforms = Debug|Mixed Platforms
		Debug|x86 = Debug|x86
		Release|Any CPU = Release|Any CPU
		Release|ARM = Release|ARM
		Release|iPhone = Release|iPhone
		Release|iPhoneSimulator = Release|iPhoneSimulator
		Release|Mixed Platforms = Release|Mixed Platforms
		Release|x86 = Release|x86
	EndGlobalSection
	GlobalSection(ProjectConfigurationPlatforms) = postSolution
		{36745A52-0D1A-4EB6-A58A-F38BAF7F0462}.Ad-Hoc|Any CPU.ActiveCfg = Ad-Hoc|iPhone
		{36745A52-0D1A-4EB6-A58A-F38BAF7F0462}.Ad-Hoc|ARM.ActiveCfg = Ad-Hoc|iPhone
		{36745A52-0D1A-4EB6-A58A-F38BAF7F0462}.Ad-Hoc|iPhone.ActiveCfg = Ad-Hoc|iPhone
		{36745A52-0D1A-4EB6-A58A-F38BAF7F0462}.Ad-Hoc|iPhone.Build.0 = Ad-Hoc|iPhone
		{36745A52-0D1A-4EB6-A58A-F38BAF7F0462}.Ad-Hoc|iPhone.Deploy.0 = Ad-Hoc|iPhone
		{36745A52-0D1A-4EB6-A58A-F38BAF7F0462}.Ad-Hoc|iPhoneSimulator.ActiveCfg = Ad-Hoc|iPhoneSimulator
		{36745A52-0D1A-4EB6-A58A-F38BAF7F0462}.Ad-Hoc|iPhoneSimulator.Build.0 = Ad-Hoc|iPhoneSimulator
		{36745A52-0D1A-4EB6-A58A-F38BAF7F0462}.Ad-Hoc|iPhoneSimulator.Deploy.0 = Ad-Hoc|iPhoneSimulator
		{36745A52-0D1A-4EB6-A58A-F38BAF7F0462}.Ad-Hoc|Mixed Platforms.ActiveCfg = Ad-Hoc|iPhone
		{36745A52-0D1A-4EB6-A58A-F38BAF7F0462}.Ad-Hoc|Mixed Platforms.Build.0 = Ad-Hoc|iPhone
		{36745A52-0D1A-4EB6-A58A-F38BAF7F0462}.Ad-Hoc|Mixed Platforms.Deploy.0 = Ad-Hoc|iPhone
		{36745A52-0D1A-4EB6-A58A-F38BAF7F0462}.Ad-Hoc|x86.ActiveCfg = Ad-Hoc|iPhone
		{36745A52-0D1A-4EB6-A58A-F38BAF7F0462}.AppStore|Any CPU.ActiveCfg = AppStore|iPhone
		{36745A52-0D1A-4EB6-A58A-F38BAF7F0462}.AppStore|ARM.ActiveCfg = AppStore|iPhone
		{36745A52-0D1A-4EB6-A58A-F38BAF7F0462}.AppStore|iPhone.ActiveCfg = AppStore|iPhone
		{36745A52-0D1A-4EB6-A58A-F38BAF7F0462}.AppStore|iPhone.Build.0 = AppStore|iPhone
		{36745A52-0D1A-4EB6-A58A-F38BAF7F0462}.AppStore|iPhone.Deploy.0 = AppStore|iPhone
		{36745A52-0D1A-4EB6-A58A-F38BAF7F0462}.AppStore|iPhoneSimulator.ActiveCfg = AppStore|iPhoneSimulator
		{36745A52-0D1A-4EB6-A58A-F38BAF7F0462}.AppStore|iPhoneSimulator.Build.0 = AppStore|iPhoneSimulator
		{36745A52-0D1A-4EB6-A58A-F38BAF7F0462}.AppStore|iPhoneSimulator.Deploy.0 = AppStore|iPhoneSimulator
		{36745A52-0D1A-4EB6-A58A-F38BAF7F0462}.AppStore|Mixed Platforms.ActiveCfg = AppStore|iPhone
		{36745A52-0D1A-4EB6-A58A-F38BAF7F0462}.AppStore|Mixed Platforms.Build.0 = AppStore|iPhone
		{36745A52-0D1A-4EB6-A58A-F38BAF7F0462}.AppStore|Mixed Platforms.Deploy.0 = AppStore|iPhone
		{36745A52-0D1A-4EB6-A58A-F38BAF7F0462}.AppStore|x86.ActiveCfg = AppStore|iPhone
		{36745A52-0D1A-4EB6-A58A-F38BAF7F0462}.Debug|Any CPU.ActiveCfg = Debug|iPhone
		{36745A52-0D1A-4EB6-A58A-F38BAF7F0462}.Debug|ARM.ActiveCfg = Debug|iPhone
		{36745A52-0D1A-4EB6-A58A-F38BAF7F0462}.Debug|iPhone.ActiveCfg = Debug|iPhone
		{36745A52-0D1A-4EB6-A58A-F38BAF7F0462}.Debug|iPhone.Build.0 = Debug|iPhone
		{36745A52-0D1A-4EB6-A58A-F38BAF7F0462}.Debug|iPhone.Deploy.0 = Debug|iPhone
		{36745A52-0D1A-4EB6-A58A-F38BAF7F0462}.Debug|iPhoneSimulator.ActiveCfg = Debug|iPhoneSimulator
		{36745A52-0D1A-4EB6-A58A-F38BAF7F0462}.Debug|iPhoneSimulator.Build.0 = Debug|iPhoneSimulator
		{36745A52-0D1A-4EB6-A58A-F38BAF7F0462}.Debug|iPhoneSimulator.Deploy.0 = Debug|iPhoneSimulator
		{36745A52-0D1A-4EB6-A58A-F38BAF7F0462}.Debug|Mixed Platforms.ActiveCfg = Debug|iPhone
		{36745A52-0D1A-4EB6-A58A-F38BAF7F0462}.Debug|Mixed Platforms.Build.0 = Debug|iPhone
		{36745A52-0D1A-4EB6-A58A-F38BAF7F0462}.Debug|Mixed Platforms.Deploy.0 = Debug|iPhone
		{36745A52-0D1A-4EB6-A58A-F38BAF7F0462}.Debug|x86.ActiveCfg = Debug|iPhone
		{36745A52-0D1A-4EB6-A58A-F38BAF7F0462}.Release|Any CPU.ActiveCfg = Release|iPhone
		{36745A52-0D1A-4EB6-A58A-F38BAF7F0462}.Release|ARM.ActiveCfg = Release|iPhone
		{36745A52-0D1A-4EB6-A58A-F38BAF7F0462}.Release|iPhone.ActiveCfg = Release|iPhone
		{36745A52-0D1A-4EB6-A58A-F38BAF7F0462}.Release|iPhone.Build.0 = Release|iPhone
		{36745A52-0D1A-4EB6-A58A-F38BAF7F0462}.Release|iPhone.Deploy.0 = Release|iPhone
		{36745A52-0D1A-4EB6-A58A-F38BAF7F0462}.Release|iPhoneSimulator.ActiveCfg = Release|iPhoneSimulator
		{36745A52-0D1A-4EB6-A58A-F38BAF7F0462}.Release|iPhoneSimulator.Build.0 = Release|iPhoneSimulator
		{36745A52-0D1A-4EB6-A58A-F38BAF7F0462}.Release|iPhoneSimulator.Deploy.0 = Release|iPhoneSimulator
		{36745A52-0D1A-4EB6-A58A-F38BAF7F0462}.Release|Mixed Platforms.ActiveCfg = Release|iPhone
		{36745A52-0D1A-4EB6-A58A-F38BAF7F0462}.Release|Mixed Platforms.Build.0 = Release|iPhone
		{36745A52-0D1A-4EB6-A58A-F38BAF7F0462}.Release|Mixed Platforms.Deploy.0 = Release|iPhone
		{36745A52-0D1A-4EB6-A58A-F38BAF7F0462}.Release|x86.ActiveCfg = Release|iPhone
	EndGlobalSection
	GlobalSection(SolutionProperties) = preSolution
		HideSolutionNode = FALSE
	EndGlobalSection
EndGlobal
